PODS:
  - CGXHotBrandViewOC (0.0.3):
    - CGXHotBrandViewOC/Base (= 0.0.3)
    - CGXHotBrandViewOC/Card (= 0.0.3)
    - CGXHotBrandViewOC/Carousel (= 0.0.3)
    - CGXHotBrandViewOC/Custom (= 0.0.3)
    - CGXHotBrandViewOC/Cycle (= 0.0.3)
    - CGXHotBrandViewOC/HotBrand (= 0.0.3)
    - CGXHotBrandViewOC/PageControl (= 0.0.3)
    - CGXHotBrandViewOC/Scroll (= 0.0.3)
    - CGXHotBrandViewOC/Zoom (= 0.0.3)
  - CGXHotBrandViewOC/Base (0.0.3):
    - CGXHotBrandViewOC/Custom
  - CGXHotBrandViewOC/Card (0.0.3):
    - CGXHotBrandViewOC/Base
  - CGXHotBrandViewOC/Carousel (0.0.3):
    - CGXHotBrandViewOC/Base
  - CGXHotBrandViewOC/Custom (0.0.3)
  - CGXHotBrandViewOC/Cycle (0.0.3):
    - CGXHotBrandViewOC/Base
  - CGXHotBrandViewOC/HotBrand (0.0.3):
    - CGXHotBrandViewOC/Base
    - CGXHotBrandViewOC/PageControl
  - CGXHotBrandViewOC/PageControl (0.0.3)
  - CGXHotBrandViewOC/Scroll (0.0.3):
    - CGXHotBrandViewOC/Base
  - CGXHotBrandViewOC/Zoom (0.0.3):
    - CGXHotBrandViewOC/Base
  - SDWebImage (5.10.2):
    - SDWebImage/Core (= 5.10.2)
  - SDWebImage/Core (5.10.2)

DEPENDENCIES:
  - CGXHotBrandViewOC (from `../`)
  - SDWebImage

SPEC REPOS:
  https://cdn.cocoapods.org/:
    - SDWebImage

EXTERNAL SOURCES:
  CGXHotBrandViewOC:
    :path: "../"

SPEC CHECKSUMS:
  CGXHotBrandViewOC: 2401ad731fafcac8054aa2d1f13c6fb972c5d199
  SDWebImage: b969dcfc02c40a5da71eac0b03b8f1a0c794a86f

PODFILE CHECKSUM: 12d4863de68581180da27419bd5ac8c84453181a

COCOAPODS: 1.9.3
